
Microsoft Visual Studio Solution File, Format Version 12.00
# Visual Studio Version 17
VisualStudioVersion = 17.3.32929.385
MinimumVisualStudioVersion = 10.0.40219.1
Project("{FAE04EC0-301F-11D3-BF4B-00C04F79EFBC}") = "vazureproj", "vazureproj\vazureproj.csproj", "{234B9AAF-54FF-4633-8E20-3EA83D30387F}"
EndProject
Global
	GlobalSection(SolutionConfigurationPlatforms) = preSolution
		Debug|Any CPU = Debug|Any CPU
		Release|Any CPU = Release|Any CPU
	EndGlobalSection
	GlobalSection(ProjectConfigurationPlatforms) = postSolution
		{234B9AAF-54FF-4633-8E20-3EA83D30387F}.Debug|Any CPU.ActiveCfg = Debug|Any CPU
		{234B9AAF-54FF-4633-8E20-3EA83D30387F}.Debug|Any CPU.Build.0 = Debug|Any CPU
		{234B9AAF-54FF-4633-8E20-3EA83D30387F}.Release|Any CPU.ActiveCfg = Release|Any CPU
		{234B9AAF-54FF-4633-8E20-3EA83D30387F}.Release|Any CPU.Build.0 = Release|Any CPU
	EndGlobalSection
	GlobalSection(SolutionProperties) = preSolution
		HideSolutionNode = FALSE
	EndGlobalSection
	GlobalSection(ExtensibilityGlobals) = postSolution
		SolutionGuid = {546C6510-9B2C-4B31-8EE1-ACB27504A69F}
	EndGlobalSection
EndGlobal
